<Solution>
  <Folder Name="/tests/">
    <Project Path="tests/ApplyWise.Architecture.Tests/ApplyWise.Architecture.Tests.csproj" />
  </Folder>
  <Project Path="ApplyWise.API/ApplyWise.API.csproj" />
  <Project Path="ApplyWise.Application/ApplyWise.Application.csproj" />
  <Project Path="ApplyWise.Domain/ApplyWise.Domain.csproj" />
  <Project Path="ApplyWise.Infrastructure/ApplyWise.Infrastructure.csproj" />
</Solution>
